
Microsoft Visual Studio Solution File, Format Version 12.00
# Visual Studio Version 16
VisualStudioVersion = 16.0.29411.108
MinimumVisualStudioVersion = 10.0.40219.1
Project("{FAE04EC0-301F-11D3-BF4B-00C04F79EFBC}") = "ISMChecker", "ISMChecker\ISMChecker.csproj", "{19C10F16-0A61-4817-A889-B0CC057287C6}"
EndProject
Project("{FAE04EC0-301F-11D3-BF4B-00C04F79EFBC}") = "ISMChecker.Shared", "ISMChecker.Shared\ISMChecker.Shared.csproj", "{B679A339-9D83-4F64-B751-D342E3968EC1}"
EndProject
Global
	GlobalSection(SolutionConfigurationPlatforms) = preSolution
		Debug|Any CPU = Debug|Any CPU
		Release|Any CPU = Release|Any CPU
	EndGlobalSection
	GlobalSection(ProjectConfigurationPlatforms) = postSolution
		{19C10F16-0A61-4817-A889-B0CC057287C6}.Debug|Any CPU.ActiveCfg = Debug|Any CPU
		{19C10F16-0A61-4817-A889-B0CC057287C6}.Debug|Any CPU.Build.0 = Debug|Any CPU
		{19C10F16-0A61-4817-A889-B0CC057287C6}.Release|Any CPU.ActiveCfg = Release|Any CPU
		{19C10F16-0A61-4817-A889-B0CC057287C6}.Release|Any CPU.Build.0 = Release|Any CPU
		{B679A339-9D83-4F64-B751-D342E3968EC1}.Debug|Any CPU.ActiveCfg = Debug|Any CPU
		{B679A339-9D83-4F64-B751-D342E3968EC1}.Debug|Any CPU.Build.0 = Debug|Any CPU
		{B679A339-9D83-4F64-B751-D342E3968EC1}.Release|Any CPU.ActiveCfg = Release|Any CPU
		{B679A339-9D83-4F64-B751-D342E3968EC1}.Release|Any CPU.Build.0 = Release|Any CPU
	EndGlobalSection
	GlobalSection(SolutionProperties) = preSolution
		HideSolutionNode = FALSE
	EndGlobalSection
	GlobalSection(ExtensibilityGlobals) = postSolution
		SolutionGuid = {99D3F8E0-2284-4C65-8D0F-5BDA193A17D4}
	EndGlobalSection
EndGlobal
